// !$*UTF8*$!
{
	archiveVersion = 1;
	classes = {
	};
	objectVersion = 46;
	objects = {

/* Begin PBXBuildFile section */
		CE97CDEC1982695400A53374 /* Foundation.framework in Frameworks */ = {isa = PBXBuildFile; fileRef = CE97CDEB1982695400A53374 /* Foundation.framework */; };
		CE97CDEE1982695400A53374 /* CoreGraphics.framework in Frameworks */ = {isa = PBXBuildFile; fileRef = CE97CDED1982695400A53374 /* CoreGraphics.framework */; };
		CE97CDF01982695400A53374 /* UIKit.framework in Frameworks */ = {isa = PBXBuildFile; fileRef = CE97CDEF1982695400A53374 /* UIKit.framework */; };
		CE97CDF61982695400A53374 /* InfoPlist.strings in Resources */ = {isa = PBXBuildFile; fileRef = CE97CDF41982695400A53374 /* InfoPlist.strings */; };
		CE97CDF81982695400A53374 /* main.m in Sources */ = {isa = PBXBuildFile; fileRef = CE97CDF71982695400A53374 /* main.m */; };
		CE97CDFC1982695400A53374 /* FTAppDelegate.m in Sources */ = {isa = PBXBuildFile; fileRef = CE97CDFB1982695400A53374 /* FTAppDelegate.m */; };
		CE97CDFF1982695400A53374 /* Main.storyboard in Resources */ = {isa = PBXBuildFile; fileRef = CE97CDFD1982695400A53374 /* Main.storyboard */; };
		CE97CE021982695400A53374 /* FTViewController.m in Sources */ = {isa = PBXBuildFile; fileRef = CE97CE011982695400A53374 /* FTViewController.m */; };
		CE97CE041982695400A53374 /* Images.xcassets in Resources */ = {isa = PBXBuildFile; fileRef = CE97CE031982695400A53374 /* Images.xcassets */; };
		CE97CE0B1982695400A53374 /* XCTest.framework in Frameworks */ = {isa = PBXBuildFile; fileRef = CE97CE0A1982695400A53374 /* XCTest.framework */; };
		CE97CE0C1982695400A53374 /* Foundation.framework in Frameworks */ = {isa = PBXBuildFile; fileRef = CE97CDEB1982695400A53374 /* Foundation.framework */; };
		CE97CE0D1982695400A53374 /* UIKit.framework in Frameworks */ = {isa = PBXBuildFile; fileRef = CE97CDEF1982695400A53374 /* UIKit.framework */; };
		CE97CE151982695400A53374 /* InfoPlist.strings in Resources */ = {isa = PBXBuildFile; fileRef = CE97CE131982695400A53374 /* InfoPlist.strings */; };
		CE97CE171982695400A53374 /* CrystalBallTests.m in Sources */ = {isa = PBXBuildFile; fileRef = CE97CE161982695400A53374 /* CrystalBallTests.m */; };
		CEC89D10198676680062F1E0 /* crystal_ball.mp3 in Resources */ = {isa = PBXBuildFile; fileRef = CEC89D0F198676680062F1E0 /* crystal_ball.mp3 */; };
		CEC89D12198676BD0062F1E0 /* AudioToolbox.framework in Frameworks */ = {isa = PBXBuildFile; fileRef = CEC89D11198676BD0062F1E0 /* AudioToolbox.framework */; };
		CEFCB1D919828614008D0CCF /* FTCrystalBall.m in Sources */ = {isa = PBXBuildFile; fileRef = CEFCB1D819828614008D0CCF /* FTCrystalBall.m */; };
/* End PBXBuildFile section */

/* Begin PBXContainerItemProxy section */
		CE97CE0E1982695400A53374 /* PBXContainerItemProxy */ = {
			isa = PBXContainerItemProxy;
			containerPortal = CE97CDE01982695400A53374 /* Project object */;
			proxyType = 1;
			remoteGlobalIDString = CE97CDE71982695400A53374;
			remoteInfo = CrystalBall;
		};
/* End PBXContainerItemProxy section */

/* Begin PBXFileReference section */
		CE97CDE81982695400A53374 /* CrystalBall.app */ = {isa = PBXFileReference; explicitFileType = wrapper.application; includeInIndex = 0; path = CrystalBall.app; sourceTree = BUILT_PRODUCTS_DIR; };
		CE97CDEB1982695400A53374 /* Foundation.framework */ = {isa = PBXFileReference; lastKnownFileType = wrapper.framework; name = Foundation.framework; path = System/Library/Frameworks/Foundation.framework; sourceTree = SDKROOT; };
		CE97CDED1982695400A53374 /* CoreGraphics.framework */ = {isa = PBXFileReference; lastKnownFileType = wrapper.framework; name = CoreGraphics.framework; path = System/Library/Frameworks/CoreGraphics.framework; sourceTree = SDKROOT; };
		CE97CDEF1982695400A53374 /* UIKit.framework */ = {isa = PBXFileReference; lastKnownFileType = wrapper.framework; name = UIKit.framework; path = System/Library/Frameworks/UIKit.framework; sourceTree = SDKROOT; };
		CE97CDF31982695400A53374 /* CrystalBall-Info.plist */ = {isa = PBXFileReference; lastKnownFileType = text.plist.xml; path = "CrystalBall-Info.plist"; sourceTree = "<group>"; };
		CE97CDF51982695400A53374 /* en */ = {isa = PBXFileReference; lastKnownFileType = text.plist.strings; name = en; path = en.lproj/InfoPlist.strings; sourceTree = "<group>"; };
		CE97CDF71982695400A53374 /* main.m */ = {isa = PBXFileReference; lastKnownFileType = sourcecode.c.objc; path = main.m; sourceTree = "<group>"; };
		CE97CDF91982695400A53374 /* CrystalBall-Prefix.pch */ = {isa = PBXFileReference; lastKnownFileType = sourcecode.c.h; path = "CrystalBall-Prefix.pch"; sourceTree = "<group>"; };
		CE97CDFA1982695400A53374 /* FTAppDelegate.h */ = {isa = PBXFileReference; lastKnownFileType = sourcecode.c.h; path = FTAppDelegate.h; sourceTree = "<group>"; };
		CE97CDFB1982695400A53374 /* FTAppDelegate.m */ = {isa = PBXFileReference; lastKnownFileType = sourcecode.c.objc; path = FTAppDelegate.m; sourceTree = "<group>"; };
		CE97CDFE1982695400A53374 /* Base */ = {isa = PBXFileReference; lastKnownFileType = file.storyboard; name = Base; path = Base.lproj/Main.storyboard; sourceTree = "<group>"; };
		CE97CE001982695400A53374 /* FTViewController.h */ = {isa = PBXFileReference; lastKnownFileType = sourcecode.c.h; path = FTViewController.h; sourceTree = "<group>"; };
		CE97CE011982695400A53374 /* FTViewController.m */ = {isa = PBXFileReference; lastKnownFileType = sourcecode.c.objc; path = FTViewController.m; sourceTree = "<group>"; };
		CE97CE031982695400A53374 /* Images.xcassets */ = {isa = PBXFileReference; lastKnownFileType = folder.assetcatalog; name = Images.xcassets; path = CrystalBall/Images.xcassets; sourceTree = "<group>"; };
		CE97CE091982695400A53374 /* CrystalBallTests.xctest */ = {isa = PBXFileReference; explicitFileType = wrapper.cfbundle; includeInIndex = 0; path = CrystalBallTests.xctest; sourceTree = BUILT_PRODUCTS_DIR; };
		CE97CE0A1982695400A53374 /* XCTest.framework */ = {isa = PBXFileReference; lastKnownFileType = wrapper.framework; name = XCTest.framework; path = Library/Frameworks/XCTest.framework; sourceTree = DEVELOPER_DIR; };
		CE97CE121982695400A53374 /* CrystalBallTests-Info.plist */ = {isa = PBXFileReference; lastKnownFileType = text.plist.xml; path = "CrystalBallTests-Info.plist"; sourceTree = "<group>"; };
		CE97CE141982695400A53374 /* en */ = {isa = PBXFileReference; lastKnownFileType = text.plist.strings; name = en; path = en.lproj/InfoPlist.strings; sourceTree = "<group>"; };
		CE97CE161982695400A53374 /* CrystalBallTests.m */ = {isa = PBXFileReference; lastKnownFileType = sourcecode.c.objc; path = CrystalBallTests.m; sourceTree = "<group>"; };
		CEC89D0F198676680062F1E0 /* crystal_ball.mp3 */ = {isa = PBXFileReference; lastKnownFileType = audio.mp3; path = crystal_ball.mp3; sourceTree = "<group>"; };
		CEC89D11198676BD0062F1E0 /* AudioToolbox.framework */ = {isa = PBXFileReference; lastKnownFileType = wrapper.framework; name = AudioToolbox.framework; path = System/Library/Frameworks/AudioToolbox.framework; sourceTree = SDKROOT; };
		CEFCB1D719828614008D0CCF /* FTCrystalBall.h */ = {isa = PBXFileReference; fileEncoding = 4; lastKnownFileType = sourcecode.c.h; path = FTCrystalBall.h; sourceTree = "<group>"; };
		CEFCB1D819828614008D0CCF /* FTCrystalBall.m */ = {isa = PBXFileReference; fileEncoding = 4; lastKnownFileType = sourcecode.c.objc; path = FTCrystalBall.m; sourceTree = "<group>"; };
/* End PBXFileReference section */

/* Begin PBXFrameworksBuildPhase section */
		CE97CDE51982695400A53374 /* Frameworks */ = {
			isa = PBXFrameworksBuildPhase;
			buildActionMask = 2147483647;
			files = (
				CEC89D12198676BD0062F1E0 /* AudioToolbox.framework in Frameworks */,
				CE97CDEE1982695400A53374 /* CoreGraphics.framework in Frameworks */,
				CE97CDF01982695400A53374 /* UIKit.framework in Frameworks */,
				CE97CDEC1982695400A53374 /* Foundation.framework in Frameworks */,
			);
			runOnlyForDeploymentPostprocessing = 0;
		};
		CE97CE061982695400A53374 /* Frameworks */ = {
			isa = PBXFrameworksBuildPhase;
			buildActionMask = 2147483647;
			files = (
				CE97CE0B1982695400A53374 /* XCTest.framework in Frameworks */,
				CE97CE0D1982695400A53374 /* UIKit.framework in Frameworks */,
				CE97CE0C1982695400A53374 /* Foundation.framework in Frameworks */,
			);
			runOnlyForDeploymentPostprocessing = 0;
		};
/* End PBXFrameworksBuildPhase section */

/* Begin PBXGroup section */
		CE97CDDF1982695400A53374 = {
			isa = PBXGroup;
			children = (
				CE97CDF11982695400A53374 /* CrystalBall */,
				CE97CE031982695400A53374 /* Images.xcassets */,
				CE97CDF21982695400A53374 /* Supporting Files */,
				CE97CE101982695400A53374 /* CrystalBallTests */,
				CE97CDEA1982695400A53374 /* Frameworks */,
				CE97CDE91982695400A53374 /* Products */,
			);
			sourceTree = "<group>";
		};
		CE97CDE91982695400A53374 /* Products */ = {
			isa = PBXGroup;
			children = (
				CE97CDE81982695400A53374 /* CrystalBall.app */,
				CE97CE091982695400A53374 /* CrystalBallTests.xctest */,
			);
			name = Products;
			sourceTree = "<group>";
		};
		CE97CDEA1982695400A53374 /* Frameworks */ = {
			isa = PBXGroup;
			children = (
				CEC89D11198676BD0062F1E0 /* AudioToolbox.framework */,
				CE97CDEB1982695400A53374 /* Foundation.framework */,
				CE97CDED1982695400A53374 /* CoreGraphics.framework */,
				CE97CDEF1982695400A53374 /* UIKit.framework */,
				CE97CE0A1982695400A53374 /* XCTest.framework */,
			);
			name = Frameworks;
			sourceTree = "<group>";
		};
		CE97CDF11982695400A53374 /* CrystalBall */ = {
			isa = PBXGroup;
			children = (
				CE97CDFD1982695400A53374 /* Main.storyboard */,
				CE97CE001982695400A53374 /* FTViewController.h */,
				CE97CE011982695400A53374 /* FTViewController.m */,
				CEFCB1D719828614008D0CCF /* FTCrystalBall.h */,
				CEFCB1D819828614008D0CCF /* FTCrystalBall.m */,
			);
			path = CrystalBall;
			sourceTree = "<group>";
		};
		CE97CDF21982695400A53374 /* Supporting Files */ = {
			isa = PBXGroup;
			children = (
				CEC89D0F198676680062F1E0 /* crystal_ball.mp3 */,
				CE97CDFA1982695400A53374 /* FTAppDelegate.h */,
				CE97CDFB1982695400A53374 /* FTAppDelegate.m */,
				CE97CDF31982695400A53374 /* CrystalBall-Info.plist */,
				CE97CDF41982695400A53374 /* InfoPlist.strings */,
				CE97CDF71982695400A53374 /* main.m */,
				CE97CDF91982695400A53374 /* CrystalBall-Prefix.pch */,
			);
			name = "Supporting Files";
			path = CrystalBall;
			sourceTree = "<group>";
		};
		CE97CE101982695400A53374 /* CrystalBallTests */ = {
			isa = PBXGroup;
			children = (
				CE97CE161982695400A53374 /* CrystalBallTests.m */,
				CE97CE111982695400A53374 /* Supporting Files */,
			);
			path = CrystalBallTests;
			sourceTree = "<group>";
		};
		CE97CE111982695400A53374 /* Supporting Files */ = {
			isa = PBXGroup;
			children = (
				CE97CE121982695400A53374 /* CrystalBallTests-Info.plist */,
				CE97CE131982695400A53374 /* InfoPlist.strings */,
			);
			name = "Supporting Files";
			sourceTree = "<group>";
		};
/* End PBXGroup section */

/* Begin PBXNativeTarget section */
		CE97CDE71982695400A53374 /* CrystalBall */ = {
			isa = PBXNativeTarget;
			buildConfigurationList = CE97CE1A1982695400A53374 /* Build configuration list for PBXNativeTarget "CrystalBall" */;
			buildPhases = (
				CE97CDE41982695400A53374 /* Sources */,
				CE97CDE51982695400A53374 /* Frameworks */,
				CE97CDE61982695400A53374 /* Resources */,
			);
			buildRules = (
			);
			dependencies = (
			);
			name = CrystalBall;
			productName = CrystalBall;
			productReference = CE97CDE81982695400A53374 /* CrystalBall.app */;
			productType = "com.apple.product-type.application";
		};
		CE97CE081982695400A53374 /* CrystalBallTests */ = {
			isa = PBXNativeTarget;
			buildConfigurationList = CE97CE1D1982695400A53374 /* Build configuration list for PBXNativeTarget "CrystalBallTests" */;
			buildPhases = (
				CE97CE051982695400A53374 /* Sources */,
				CE97CE061982695400A53374 /* Frameworks */,
				CE97CE071982695400A53374 /* Resources */,
			);
			buildRules = (
			);
			dependencies = (
				CE97CE0F1982695400A53374 /* PBXTargetDependency */,
			);
			name = CrystalBallTests;
			productName = CrystalBallTests;
			productReference = CE97CE091982695400A53374 /* CrystalBallTests.xctest */;
			productType = "com.apple.product-type.bundle.unit-test";
		};
/* End PBXNativeTarget section */

/* Begin PBXProject section */
		CE97CDE01982695400A53374 /* Project object */ = {
			isa = PBXProject;
			attributes = {
				CLASSPREFIX = FT;
				LastUpgradeCheck = 0720;
				ORGANIZATIONNAME = fatheroftwo;
				TargetAttributes = {
					CE97CE081982695400A53374 = {
						TestTargetID = CE97CDE71982695400A53374;
					};
				};
			};
			buildConfigurationList = CE97CDE31982695400A53374 /* Build configuration list for PBXProject "CrystalBall" */;
			compatibilityVersion = "Xcode 3.2";
			developmentRegion = English;
			hasScannedForEncodings = 0;
			knownRegions = (
				en,
				Base,
			);
			mainGroup = CE97CDDF1982695400A53374;
			productRefGroup = CE97CDE91982695400A53374 /* Products */;
			projectDirPath = "";
			projectRoot = "";
			targets = (
				CE97CDE71982695400A53374 /* CrystalBall */,
				CE97CE081982695400A53374 /* CrystalBallTests */,
			);
		};
/* End PBXProject section */

/* Begin PBXResourcesBuildPhase section */
		CE97CDE61982695400A53374 /* Resources */ = {
			isa = PBXResourcesBuildPhase;
			buildActionMask = 2147483647;
			files = (
				CE97CE041982695400A53374 /* Images.xcassets in Resources */,
				CE97CDF61982695400A53374 /* InfoPlist.strings in Resources */,
				CEC89D10198676680062F1E0 /* crystal_ball.mp3 in Resources */,
				CE97CDFF1982695400A53374 /* Main.storyboard in Resources */,
			);
			runOnlyForDeploymentPostprocessing = 0;
		};
		CE97CE071982695400A53374 /* Resources */ = {
			isa = PBXResourcesBuildPhase;
			buildActionMask = 2147483647;
			files = (
				CE97CE151982695400A53374 /* InfoPlist.strings in Resources */,
			);
			runOnlyForDeploymentPostprocessing = 0;
		};
/* End PBXResourcesBuildPhase section */

/* Begin PBXSourcesBuildPhase section */
		CE97CDE41982695400A53374 /* Sources */ = {
			isa = PBXSourcesBuildPhase;
			buildActionMask = 2147483647;
			files = (
				CE97CDFC1982695400A53374 /* FTAppDelegate.m in Sources */,
				CEFCB1D919828614008D0CCF /* FTCrystalBall.m in Sources */,
				CE97CDF81982695400A53374 /* main.m in Sources */,
				CE97CE021982695400A53374 /* FTViewController.m in Sources */,
			);
			runOnlyForDeploymentPostprocessing = 0;
		};
		CE97CE051982695400A53374 /* Sources */ = {
			isa = PBXSourcesBuildPhase;
			buildActionMask = 2147483647;
			files = (
				CE97CE171982695400A53374 /* CrystalBallTests.m in Sources */,
			);
			runOnlyForDeploymentPostprocessing = 0;
		};
/* End PBXSourcesBuildPhase section */

/* Begin PBXTargetDependency section */
		CE97CE0F1982695400A53374 /* PBXTargetDependency */ = {
			isa = PBXTargetDependency;
			target = CE97CDE71982695400A53374 /* CrystalBall */;
			targetProxy = CE97CE0E1982695400A53374 /* PBXContainerItemProxy */;
		};
/* End PBXTargetDependency section */

/* Begin PBXVariantGroup section */
		CE97CDF41982695400A53374 /* InfoPlist.strings */ = {
			isa = PBXVariantGroup;
			children = (
				CE97CDF51982695400A53374 /* en */,
			);
			name = InfoPlist.strings;
			sourceTree = "<group>";
		};
		CE97CDFD1982695400A53374 /* Main.storyboard */ = {
			isa = PBXVariantGroup;
			children = (
				CE97CDFE1982695400A53374 /* Base */,
			);
			name = Main.storyboard;
			sourceTree = "<group>";
		};
		CE97CE131982695400A53374 /* InfoPlist.strings */ = {
			isa = PBXVariantGroup;
			children = (
				CE97CE141982695400A53374 /* en */,
			);
			name = InfoPlist.strings;
			sourceTree = "<group>";
		};
/* End PBXVariantGroup section */

/* Begin XCBuildConfiguration section */
		CE97CE181982695400A53374 /* Debug */ = {
			isa = XCBuildConfiguration;
			buildSettings = {
				ALWAYS_SEARCH_USER_PATHS = NO;
				CLANG_CXX_LANGUAGE_STANDARD = "gnu++0x";
				CLANG_CXX_LIBRARY = "libc++";
				CLANG_ENABLE_MODULES = YES;
				CLANG_ENABLE_OBJC_ARC = YES;
				CLANG_WARN_BOOL_CONVERSION = YES;
				CLANG_WARN_CONSTANT_CONVERSION = YES;
				CLANG_WARN_DIRECT_OBJC_ISA_USAGE = YES_ERROR;
				CLANG_WARN_EMPTY_BODY = YES;
				CLANG_WARN_ENUM_CONVERSION = YES;
				CLANG_WARN_INT_CONVERSION = YES;
				CLANG_WARN_OBJC_ROOT_CLASS = YES_ERROR;
				CLANG_WARN__DUPLICATE_METHOD_MATCH = YES;
				"CODE_SIGN_IDENTITY[sdk=iphoneos*]" = "iPhone Developer";
				COPY_PHASE_STRIP = NO;
				ENABLE_TESTABILITY = YES;
				GCC_C_LANGUAGE_STANDARD = gnu99;
				GCC_DYNAMIC_NO_PIC = NO;
				GCC_OPTIMIZATION_LEVEL = 0;
				GCC_PREPROCESSOR_DEFINITIONS = (
					"DEBUG=1",
					"$(inherited)",
				);
				GCC_SYMBOLS_PRIVATE_EXTERN = NO;
				GCC_WARN_64_TO_32_BIT_CONVERSION = YES;
				GCC_WARN_ABOUT_RETURN_TYPE = YES_ERROR;
				GCC_WARN_UNDECLARED_SELECTOR = YES;
				GCC_WARN_UNINITIALIZED_AUTOS = YES_AGGRESSIVE;
				GCC_WARN_UNUSED_FUNCTION = YES;
				GCC_WARN_UNUSED_VARIABLE = YES;
				IPHONEOS_DEPLOYMENT_TARGET = 7.1;
				ONLY_ACTIVE_ARCH = YES;
				SDKROOT = iphoneos;
			};
			name = Debug;
		};
		CE97CE191982695400A53374 /* Release */ = {
			isa = XCBuildConfiguration;
			buildSettings = {
				ALWAYS_SEARCH_USER_PATHS = NO;
				CLANG_CXX_LANGUAGE_STANDARD = "gnu++0x";
				CLANG_CXX_LIBRARY = "libc++";
				CLANG_ENABLE_MODULES = YES;
				CLANG_ENABLE_OBJC_ARC = YES;
				CLANG_WARN_BOOL_CONVERSION = YES;
				CLANG_WARN_CONSTANT_CONVERSION = YES;
				CLANG_WARN_DIRECT_OBJC_ISA_USAGE = YES_ERROR;
				CLANG_WARN_EMPTY_BODY = YES;
				CLANG_WARN_ENUM_CONVERSION = YES;
				CLANG_WARN_INT_CONVERSION = YES;
				CLANG_WARN_OBJC_ROOT_CLASS = YES_ERROR;
				CLANG_WARN__DUPLICATE_METHOD_MATCH = YES;
				"CODE_SIGN_IDENTITY[sdk=iphoneos*]" = "iPhone Developer";
				COPY_PHASE_STRIP = YES;
				ENABLE_NS_ASSERTIONS = NO;
				GCC_C_LANGUAGE_STANDARD = gnu99;
				GCC_WARN_64_TO_32_BIT_CONVERSION = YES;
				GCC_WARN_ABOUT_RETURN_TYPE = YES_ERROR;
				GCC_WARN_UNDECLARED_SELECTOR = YES;
				GCC_WARN_UNINITIALIZED_AUTOS = YES_AGGRESSIVE;
				GCC_WARN_UNUSED_FUNCTION = YES;
				GCC_WARN_UNUSED_VARIABLE = YES;
				IPHONEOS_DEPLOYMENT_TARGET = 7.1;
				SDKROOT = iphoneos;
				VALIDATE_PRODUCT = YES;
			};
			name = Release;
		};
		CE97CE1B1982695400A53374 /* Debug */ = {
			isa = XCBuildConfiguration;
			buildSettings = {
				ASSETCATALOG_COMPILER_APPICON_NAME = AppIcon;
				ASSETCATALOG_COMPILER_LAUNCHIMAGE_NAME = LaunchImage;
				GCC_PRECOMPILE_PREFIX_HEADER = YES;
				GCC_PREFIX_HEADER = "CrystalBall/CrystalBall-Prefix.pch";
				INFOPLIST_FILE = "CrystalBall/CrystalBall-Info.plist";
				PRODUCT_BUNDLE_IDENTIFIER = com.minikin.me.CrystalBall;
				PRODUCT_NAME = "$(TARGET_NAME)";
				WRAPPER_EXTENSION = app;
			};
			name = Debug;
		};
		CE97CE1C1982695400A53374 /* Release */ = {
			isa = XCBuildConfiguration;
			buildSettings = {
				ASSETCATALOG_COMPILER_APPICON_NAME = AppIcon;
				ASSETCATALOG_COMPILER_LAUNCHIMAGE_NAME = LaunchImage;
				GCC_PRECOMPILE_PREFIX_HEADER = YES;
				GCC_PREFIX_HEADER = "CrystalBall/CrystalBall-Prefix.pch";
				INFOPLIST_FILE = "CrystalBall/CrystalBall-Info.plist";
				PRODUCT_BUNDLE_IDENTIFIER = com.minikin.me.CrystalBall;
				PRODUCT_NAME = "$(TARGET_NAME)";
				WRAPPER_EXTENSION = app;
			};
			name = Release;
		};
		CE97CE1E1982695400A53374 /* Debug */ = {
			isa = XCBuildConfiguration;
			buildSettings = {
				BUNDLE_LOADER = "$(BUILT_PRODUCTS_DIR)/CrystalBall.app/CrystalBall";
				FRAMEWORK_SEARCH_PATHS = (
					"$(SDKROOT)/Developer/Library/Frameworks",
					"$(inherited)",
					"$(DEVELOPER_FRAMEWORKS_DIR)",
				);
				GCC_PRECOMPILE_PREFIX_HEADER = YES;
				GCC_PREFIX_HEADER = "CrystalBall/CrystalBall-Prefix.pch";
				GCC_PREPROCESSOR_DEFINITIONS = (
					"DEBUG=1",
					"$(inherited)",
				);
				INFOPLIST_FILE = "CrystalBallTests/CrystalBallTests-Info.plist";
				PRODUCT_BUNDLE_IDENTIFIER = "com.fatheroftwo.${PRODUCT_NAME:rfc1034identifier}";
				PRODUCT_NAME = "$(TARGET_NAME)";
				TEST_HOST = "$(BUNDLE_LOADER)";
				WRAPPER_EXTENSION = xctest;
			};
			name = Debug;
		};
		CE97CE1F1982695400A53374 /* Release */ = {
			isa = XCBuildConfiguration;
			buildSettings = {
				BUNDLE_LOADER = "$(BUILT_PRODUCTS_DIR)/CrystalBall.app/CrystalBall";
				FRAMEWORK_SEARCH_PATHS = (
					"$(SDKROOT)/Developer/Library/Frameworks",
					"$(inherited)",
					"$(DEVELOPER_FRAMEWORKS_DIR)",
				);
				GCC_PRECOMPILE_PREFIX_HEADER = YES;
				GCC_PREFIX_HEADER = "CrystalBall/CrystalBall-Prefix.pch";
				INFOPLIST_FILE = "CrystalBallTests/CrystalBallTests-Info.plist";
				PRODUCT_BUNDLE_IDENTIFIER = "com.fatheroftwo.${PRODUCT_NAME:rfc1034identifier}";
				PRODUCT_NAME = "$(TARGET_NAME)";
				TEST_HOST = "$(BUNDLE_LOADER)";
				WRAPPER_EXTENSION = xctest;
			};
			name = Release;
		};
/* End XCBuildConfiguration section */

/* Begin XCConfigurationList section */
		CE97CDE31982695400A53374 /* Build configuration list for PBXProject "CrystalBall" */ = {
			isa = XCConfigurationList;
			buildConfigurations = (
				CE97CE181982695400A53374 /* Debug */,
				CE97CE191982695400A53374 /* Release */,
			);
			defaultConfigurationIsVisible = 0;
			defaultConfigurationName = Release;
		};
		CE97CE1A1982695400A53374 /* Build configuration list for PBXNativeTarget "CrystalBall" */ = {
			isa = XCConfigurationList;
			buildConfigurations = (
				CE97CE1B1982695400A53374 /* Debug */,
				CE97CE1C1982695400A53374 /* Release */,
			);
			defaultConfigurationIsVisible = 0;
			defaultConfigurationName = Release;
		};
		CE97CE1D1982695400A53374 /* Build configuration list for PBXNativeTarget "CrystalBallTests" */ = {
			isa = XCConfigurationList;
			buildConfigurations = (
				CE97CE1E1982695400A53374 /* Debug */,
				CE97CE1F1982695400A53374 /* Release */,
			);
			defaultConfigurationIsVisible = 0;
			defaultConfigurationName = Release;
		};
/* End XCConfigurationList section */
	};
	rootObject = CE97CDE01982695400A53374 /* Project object */;
}
